<?xml version="1.0" encoding="utf-8"?>
<Project ToolsVersion="4.0" xmlns="http://schemas.microsoft.com/developer/msbuild/2003">
  <ItemGroup>
    <Filter Include="源文件">
      <UniqueIdentifier>{4FC737F1-C7A5-4376-A066-2A32D752A2FF}</UniqueIdentifier>
      <Extensions>cpp;c;cc;cxx;c++;cppm;ixx;def;odl;idl;hpj;bat;asm;asmx</Extensions>
    </Filter>
    <Filter Include="头文件">
      <UniqueIdentifier>{93995380-89BD-4b04-88EB-625FBE52EBFB}</UniqueIdentifier>
      <Extensions>h;hh;hpp;hxx;h++;hm;inl;inc;ipp;xsd</Extensions>
    </Filter>
    <Filter Include="资源文件">
      <UniqueIdentifier>{67DA6AB6-F800-4c08-8B7A-83BB121AAD01}</UniqueIdentifier>
      <Extensions>rc;ico;cur;bmp;dlg;rc2;rct;bin;rgs;gif;jpg;jpeg;jpe;resx;tiff;tif;png;wav;mfcribbon-ms</Extensions>
    </Filter>
    <Filter Include="源文件\lib">
      <UniqueIdentifier>{fdf1a305-569e-4387-b392-7267f3d1ec58}</UniqueIdentifier>
    </Filter>
    <Filter Include="头文件\lib">
      <UniqueIdentifier>{d052d7a5-9bd1-4137-8130-6efcd3f42948}</UniqueIdentifier>
    </Filter>
  </ItemGroup>
  <ItemGroup>
    <ClInclude Include="shader.hpp">
      <Filter>头文件</Filter>
    </ClInclude>
    <ClInclude Include="resource.h">
      <Filter>头文件\lib</Filter>
    </ClInclude>
    <ClInclude Include="stb_image.h">
      <Filter>头文件\lib</Filter>
    </ClInclude>
    <ClInclude Include="camera.hpp">
      <Filter>头文件</Filter>
    </ClInclude>
  </ItemGroup>
  <ItemGroup>
    <ResourceCompile Include="LearnOGL.rc">
      <Filter>资源文件</Filter>
    </ResourceCompile>
  </ItemGroup>
  <ItemGroup>
    <ClCompile Include="app_0.cpp">
      <Filter>源文件</Filter>
    </ClCompile>
    <ClCompile Include="C:\CPP_Packages\OpenGL\src\glad.c">
      <Filter>源文件\lib</Filter>
    </ClCompile>
    <ClCompile Include="app_1.cpp">
      <Filter>源文件</Filter>
    </ClCompile>
  </ItemGroup>
  <ItemGroup>
    <None Include="simple.v">
      <Filter>资源文件</Filter>
    </None>
    <None Include="simple.f">
      <Filter>资源文件</Filter>
    </None>
    <None Include="light.f">
      <Filter>资源文件</Filter>
    </None>
    <None Include="light.v">
      <Filter>资源文件</Filter>
    </None>
    <None Include="obj.f">
      <Filter>资源文件</Filter>
    </None>
    <None Include="obj.v">
      <Filter>资源文件</Filter>
    </None>
  </ItemGroup>
  <ItemGroup>
    <Image Include="horse.jpg">
      <Filter>资源文件</Filter>
    </Image>
    <Image Include="awesomeface.png">
      <Filter>资源文件</Filter>
    </Image>
  </ItemGroup>
</Project>